
Microsoft Visual Studio Solution File, Format Version 12.00
# Visual Studio Version 17
VisualStudioVersion = 17.11.35208.52
MinimumVisualStudioVersion = 10.0.40219.1
Project("{FAE04EC0-301F-11D3-BF4B-00C04F79EFBC}") = "IgnacioS.Guia01.Ejercicio02.DatosDeUnAuto", "IgnacioS.Guia01.Ejercicio02.DatosDeUnAuto\IgnacioS.Guia01.Ejercicio02.DatosDeUnAuto.csproj", "{09352DBB-3D98-4B9E-B5AF-47249264B5DE}"
EndProject
Global
	GlobalSection(SolutionConfigurationPlatforms) = preSolution
		Debug|Any CPU = Debug|Any CPU
		Release|Any CPU = Release|Any CPU
	EndGlobalSection
	GlobalSection(ProjectConfigurationPlatforms) = postSolution
		{09352DBB-3D98-4B9E-B5AF-47249264B5DE}.Debug|Any CPU.ActiveCfg = Debug|Any CPU
		{09352DBB-3D98-4B9E-B5AF-47249264B5DE}.Debug|Any CPU.Build.0 = Debug|Any CPU
		{09352DBB-3D98-4B9E-B5AF-47249264B5DE}.Release|Any CPU.ActiveCfg = Release|Any CPU
		{09352DBB-3D98-4B9E-B5AF-47249264B5DE}.Release|Any CPU.Build.0 = Release|Any CPU
	EndGlobalSection
	GlobalSection(SolutionProperties) = preSolution
		HideSolutionNode = FALSE
	EndGlobalSection
	GlobalSection(ExtensibilityGlobals) = postSolution
		SolutionGuid = {CC191AA0-F3A8-4607-8EA8-3BB6169E3BFC}
	EndGlobalSection
EndGlobal
